
Microsoft Visual Studio Solution File, Format Version 12.00
# Visual Studio 15
VisualStudioVersion = 15.0.28307.489
MinimumVisualStudioVersion = 10.0.40219.1
Project("{FAE04EC0-301F-11D3-BF4B-00C04F79EFBC}") = "inf_system_airline_companies", "inf_system_airline_companies\inf_system_airline_companies.csproj", "{D754735B-63A7-49A2-A530-116CD57BAE22}"
EndProject
Global
	GlobalSection(SolutionConfigurationPlatforms) = preSolution
		Debug|Any CPU = Debug|Any CPU
		Release|Any CPU = Release|Any CPU
	EndGlobalSection
	GlobalSection(ProjectConfigurationPlatforms) = postSolution
		{D754735B-63A7-49A2-A530-116CD57BAE22}.Debug|Any CPU.ActiveCfg = Debug|Any CPU
		{D754735B-63A7-49A2-A530-116CD57BAE22}.Debug|Any CPU.Build.0 = Debug|Any CPU
		{D754735B-63A7-49A2-A530-116CD57BAE22}.Release|Any CPU.ActiveCfg = Release|Any CPU
		{D754735B-63A7-49A2-A530-116CD57BAE22}.Release|Any CPU.Build.0 = Release|Any CPU
	EndGlobalSection
	GlobalSection(SolutionProperties) = preSolution
		HideSolutionNode = FALSE
	EndGlobalSection
	GlobalSection(ExtensibilityGlobals) = postSolution
		SolutionGuid = {34CC1948-44F3-4733-AA72-AAD3C5EEAA4C}
	EndGlobalSection
EndGlobal
